
Microsoft Visual Studio Solution File, Format Version 12.00
# Visual Studio Version 17
VisualStudioVersion = 17.9.34616.47
MinimumVisualStudioVersion = 10.0.40219.1
Project("{FAE04EC0-301F-11D3-BF4B-00C04F79EFBC}") = "ChemicalProject", "ChemicalProject\ChemicalProject.csproj", "{AE719BB3-FE01-4C15-8187-4DB368AF5B57}"
EndProject
Global
	GlobalSection(SolutionConfigurationPlatforms) = preSolution
		Debug|Any CPU = Debug|Any CPU
		Release|Any CPU = Release|Any CPU
	EndGlobalSection
	GlobalSection(ProjectConfigurationPlatforms) = postSolution
		{AE719BB3-FE01-4C15-8187-4DB368AF5B57}.Debug|Any CPU.ActiveCfg = Debug|Any CPU
		{AE719BB3-FE01-4C15-8187-4DB368AF5B57}.Debug|Any CPU.Build.0 = Debug|Any CPU
		{AE719BB3-FE01-4C15-8187-4DB368AF5B57}.Release|Any CPU.ActiveCfg = Release|Any CPU
		{AE719BB3-FE01-4C15-8187-4DB368AF5B57}.Release|Any CPU.Build.0 = Release|Any CPU
	EndGlobalSection
	GlobalSection(SolutionProperties) = preSolution
		HideSolutionNode = FALSE
	EndGlobalSection
	GlobalSection(ExtensibilityGlobals) = postSolution
		SolutionGuid = {7E4E8CED-6506-41D1-95A6-536D77F2E6FF}
	EndGlobalSection
EndGlobal
